// !$*UTF8*$!
{
	archiveVersion = 1;
	classes = {
	};
	objectVersion = 56;
	objects = {

/* Begin PBXBuildFile section */
		3DDBDE912964E7C400CA09FE /* AppDelegate.swift in Sources */ = {isa = PBXBuildFile; fileRef = 3DDBDE902964E7C400CA09FE /* AppDelegate.swift */; };
		3DDBDE932964E7C400CA09FE /* SceneDelegate.swift in Sources */ = {isa = PBXBuildFile; fileRef = 3DDBDE922964E7C400CA09FE /* SceneDelegate.swift */; };
		3DDBDE952964E7C400CA09FE /* ViewController.swift in Sources */ = {isa = PBXBuildFile; fileRef = 3DDBDE942964E7C400CA09FE /* ViewController.swift */; };
		3DDBDE982964E7C400CA09FE /* Main.storyboard in Resources */ = {isa = PBXBuildFile; fileRef = 3DDBDE962964E7C400CA09FE /* Main.storyboard */; };
		3DDBDE9B2964E7C400CA09FE /* THEIA.xcdatamodeld in Sources */ = {isa = PBXBuildFile; fileRef = 3DDBDE992964E7C400CA09FE /* THEIA.xcdatamodeld */; };
		3DDBDE9D2964E7C500CA09FE /* Assets.xcassets in Resources */ = {isa = PBXBuildFile; fileRef = 3DDBDE9C2964E7C500CA09FE /* Assets.xcassets */; };
		3DDBDEA02964E7C500CA09FE /* LaunchScreen.storyboard in Resources */ = {isa = PBXBuildFile; fileRef = 3DDBDE9E2964E7C500CA09FE /* LaunchScreen.storyboard */; };
/* End PBXBuildFile section */

/* Begin PBXFileReference section */
		3DDBDE8D2964E7C400CA09FE /* THEIA.app */ = {isa = PBXFileReference; explicitFileType = wrapper.application; includeInIndex = 0; path = THEIA.app; sourceTree = BUILT_PRODUCTS_DIR; };
		3DDBDE902964E7C400CA09FE /* AppDelegate.swift */ = {isa = PBXFileReference; lastKnownFileType = sourcecode.swift; path = AppDelegate.swift; sourceTree = "<group>"; };
		3DDBDE922964E7C400CA09FE /* SceneDelegate.swift */ = {isa = PBXFileReference; lastKnownFileType = sourcecode.swift; path = SceneDelegate.swift; sourceTree = "<group>"; };
		3DDBDE942964E7C400CA09FE /* ViewController.swift */ = {isa = PBXFileReference; lastKnownFileType = sourcecode.swift; path = ViewController.swift; sourceTree = "<group>"; };
		3DDBDE972964E7C400CA09FE /* Base */ = {isa = PBXFileReference; lastKnownFileType = file.storyboard; name = Base; path = Base.lproj/Main.storyboard; sourceTree = "<group>"; };
		3DDBDE9A2964E7C400CA09FE /* THEIA.xcdatamodel */ = {isa = PBXFileReference; lastKnownFileType = wrapper.xcdatamodel; path = THEIA.xcdatamodel; sourceTree = "<group>"; };
		3DDBDE9C2964E7C500CA09FE /* Assets.xcassets */ = {isa = PBXFileReference; lastKnownFileType = folder.assetcatalog; path = Assets.xcassets; sourceTree = "<group>"; };
		3DDBDE9F2964E7C500CA09FE /* Base */ = {isa = PBXFileReference; lastKnownFileType = file.storyboard; name = Base; path = Base.lproj/LaunchScreen.storyboard; sourceTree = "<group>"; };
		3DDBDEA12964E7C500CA09FE /* Info.plist */ = {isa = PBXFileReference; lastKnownFileType = text.plist.xml; path = Info.plist; sourceTree = "<group>"; };
/* End PBXFileReference section */

/* Begin PBXFrameworksBuildPhase section */
		3DDBDE8A2964E7C400CA09FE /* Frameworks */ = {
			isa = PBXFrameworksBuildPhase;
			buildActionMask = 2147483647;
			files = (
			);
			runOnlyForDeploymentPostprocessing = 0;
		};
/* End PBXFrameworksBuildPhase section */

/* Begin PBXGroup section */
		3DDBDE842964E7C400CA09FE = {
			isa = PBXGroup;
			children = (
				3DDBDE8F2964E7C400CA09FE /* THEIA */,
				3DDBDE8E2964E7C400CA09FE /* Products */,
			);
			sourceTree = "<group>";
		};
		3DDBDE8E2964E7C400CA09FE /* Products */ = {
			isa = PBXGroup;
			children = (
				3DDBDE8D2964E7C400CA09FE /* THEIA.app */,
			);
			name = Products;
			sourceTree = "<group>";
		};
		3DDBDE8F2964E7C400CA09FE /* THEIA */ = {
			isa = PBXGroup;
			children = (
				3DDBDE902964E7C400CA09FE /* AppDelegate.swift */,
				3DDBDE922964E7C400CA09FE /* SceneDelegate.swift */,
				3DDBDE942964E7C400CA09FE /* ViewController.swift */,
				3DDBDE962964E7C400CA09FE /* Main.storyboard */,
				3DDBDE9C2964E7C500CA09FE /* Assets.xcassets */,
				3DDBDE9E2964E7C500CA09FE /* LaunchScreen.storyboard */,
				3DDBDEA12964E7C500CA09FE /* Info.plist */,
				3DDBDE992964E7C400CA09FE /* THEIA.xcdatamodeld */,
			);
			path = THEIA;
			sourceTree = "<group>";
		};
/* End PBXGroup section */

/* Begin PBXNativeTarget section */
		3DDBDE8C2964E7C400CA09FE /* THEIA */ = {
			isa = PBXNativeTarget;
			buildConfigurationList = 3DDBDEA42964E7C500CA09FE /* Build configuration list for PBXNativeTarget "THEIA" */;
			buildPhases = (
				3DDBDE892964E7C400CA09FE /* Sources */,
				3DDBDE8A2964E7C400CA09FE /* Frameworks */,
				3DDBDE8B2964E7C400CA09FE /* Resources */,
			);
			buildRules = (
			);
			dependencies = (
			);
			name = THEIA;
			productName = THEIA;
			productReference = 3DDBDE8D2964E7C400CA09FE /* THEIA.app */;
			productType = "com.apple.product-type.application";
		};
/* End PBXNativeTarget section */

/* Begin PBXProject section */
		3DDBDE852964E7C400CA09FE /* Project object */ = {
			isa = PBXProject;
			attributes = {
				BuildIndependentTargetsInParallel = 1;
				LastSwiftUpdateCheck = 1420;
				LastUpgradeCheck = 1420;
				TargetAttributes = {
					3DDBDE8C2964E7C400CA09FE = {
						CreatedOnToolsVersion = 14.2;
					};
				};
			};
			buildConfigurationList = 3DDBDE882964E7C400CA09FE /* Build configuration list for PBXProject "THEIA" */;
			compatibilityVersion = "Xcode 14.0";
			developmentRegion = en;
			hasScannedForEncodings = 0;
			knownRegions = (
				en,
				Base,
			);
			mainGroup = 3DDBDE842964E7C400CA09FE;
			productRefGroup = 3DDBDE8E2964E7C400CA09FE /* Products */;
			projectDirPath = "";
			projectRoot = "";
			targets = (
				3DDBDE8C2964E7C400CA09FE /* THEIA */,
			);
		};
/* End PBXProject section */

/* Begin PBXResourcesBuildPhase section */
		3DDBDE8B2964E7C400CA09FE /* Resources */ = {
			isa = PBXResourcesBuildPhase;
			buildActionMask = 2147483647;
			files = (
				3DDBDEA02964E7C500CA09FE /* LaunchScreen.storyboard in Resources */,
				3DDBDE9D2964E7C500CA09FE /* Assets.xcassets in Resources */,
				3DDBDE982964E7C400CA09FE /* Main.storyboard in Resources */,
			);
			runOnlyForDeploymentPostprocessing = 0;
		};
/* End PBXResourcesBuildPhase section */

/* Begin PBXSourcesBuildPhase section */
		3DDBDE892964E7C400CA09FE /* Sources */ = {
			isa = PBXSourcesBuildPhase;
			buildActionMask = 2147483647;
			files = (
				3DDBDE952964E7C400CA09FE /* ViewController.swift in Sources */,
				3DDBDE9B2964E7C400CA09FE /* THEIA.xcdatamodeld in Sources */,
				3DDBDE912964E7C400CA09FE /* AppDelegate.swift in Sources */,
				3DDBDE932964E7C400CA09FE /* SceneDelegate.swift in Sources */,
			);
			runOnlyForDeploymentPostprocessing = 0;
		};
/* End PBXSourcesBuildPhase section */

/* Begin PBXVariantGroup section */
		3DDBDE962964E7C400CA09FE /* Main.storyboard */ = {
			isa = PBXVariantGroup;
			children = (
				3DDBDE972964E7C400CA09FE /* Base */,
			);
			name = Main.storyboard;
			sourceTree = "<group>";
		};
		3DDBDE9E2964E7C500CA09FE /* LaunchScreen.storyboard */ = {
			isa = PBXVariantGroup;
			children = (
				3DDBDE9F2964E7C500CA09FE /* Base */,
			);
			name = LaunchScreen.storyboard;
			sourceTree = "<group>";
		};
/* End PBXVariantGroup section */

/* Begin XCBuildConfiguration section */
		3DDBDEA22964E7C500CA09FE /* Debug */ = {
			isa = XCBuildConfiguration;
			buildSettings = {
				ALWAYS_SEARCH_USER_PATHS = NO;
				CLANG_ANALYZER_NONNULL = YES;
				CLANG_ANALYZER_NUMBER_OBJECT_CONVERSION = YES_AGGRESSIVE;
				CLANG_CXX_LANGUAGE_STANDARD = "gnu++20";
				CLANG_ENABLE_MODULES = YES;
				CLANG_ENABLE_OBJC_ARC = YES;
				CLANG_ENABLE_OBJC_WEAK = YES;
				CLANG_WARN_BLOCK_CAPTURE_AUTORELEASING = YES;
				CLANG_WARN_BOOL_CONVERSION = YES;
				CLANG_WARN_COMMA = YES;
				CLANG_WARN_CONSTANT_CONVERSION = YES;
				CLANG_WARN_DEPRECATED_OBJC_IMPLEMENTATIONS = YES;
				CLANG_WARN_DIRECT_OBJC_ISA_USAGE = YES_ERROR;
				CLANG_WARN_DOCUMENTATION_COMMENTS = YES;
				CLANG_WARN_EMPTY_BODY = YES;
				CLANG_WARN_ENUM_CONVERSION = YES;
				CLANG_WARN_INFINITE_RECURSION = YES;
				CLANG_WARN_INT_CONVERSION = YES;
				CLANG_WARN_NON_LITERAL_NULL_CONVERSION = YES;
				CLANG_WARN_OBJC_IMPLICIT_RETAIN_SELF = YES;
				CLANG_WARN_OBJC_LITERAL_CONVERSION = YES;
				CLANG_WARN_OBJC_ROOT_CLASS = YES_ERROR;
				CLANG_WARN_QUOTED_INCLUDE_IN_FRAMEWORK_HEADER = YES;
				CLANG_WARN_RANGE_LOOP_ANALYSIS = YES;
				CLANG_WARN_STRICT_PROTOTYPES = YES;
				CLANG_WARN_SUSPICIOUS_MOVE = YES;
				CLANG_WARN_UNGUARDED_AVAILABILITY = YES_AGGRESSIVE;
				CLANG_WARN_UNREACHABLE_CODE = YES;
				CLANG_WARN__DUPLICATE_METHOD_MATCH = YES;
				COPY_PHASE_STRIP = NO;
				DEBUG_INFORMATION_FORMAT = dwarf;
				ENABLE_STRICT_OBJC_MSGSEND = YES;
				ENABLE_TESTABILITY = YES;
				GCC_C_LANGUAGE_STANDARD = gnu11;
				GCC_DYNAMIC_NO_PIC = NO;
				GCC_NO_COMMON_BLOCKS = YES;
				GCC_OPTIMIZATION_LEVEL = 0;
				GCC_PREPROCESSOR_DEFINITIONS = (
					"DEBUG=1",
					"$(inherited)",
				);
				GCC_WARN_64_TO_32_BIT_CONVERSION = YES;
				GCC_WARN_ABOUT_RETURN_TYPE = YES_ERROR;
				GCC_WARN_UNDECLARED_SELECTOR = YES;
				GCC_WARN_UNINITIALIZED_AUTOS = YES_AGGRESSIVE;
				GCC_WARN_UNUSED_FUNCTION = YES;
				GCC_WARN_UNUSED_VARIABLE = YES;
				IPHONEOS_DEPLOYMENT_TARGET = 16.2;
				MTL_ENABLE_DEBUG_INFO = INCLUDE_SOURCE;
				MTL_FAST_MATH = YES;
				ONLY_ACTIVE_ARCH = YES;
				SDKROOT = iphoneos;
				SWIFT_ACTIVE_COMPILATION_CONDITIONS = DEBUG;
				SWIFT_OPTIMIZATION_LEVEL = "-Onone";
			};
			name = Debug;
		};
		3DDBDEA32964E7C500CA09FE /* Release */ = {
			isa = XCBuildConfiguration;
			buildSettings = {
				ALWAYS_SEARCH_USER_PATHS = NO;
				CLANG_ANALYZER_NONNULL = YES;
				CLANG_ANALYZER_NUMBER_OBJECT_CONVERSION = YES_AGGRESSIVE;
				CLANG_CXX_LANGUAGE_STANDARD = "gnu++20";
				CLANG_ENABLE_MODULES = YES;
				CLANG_ENABLE_OBJC_ARC = YES;
				CLANG_ENABLE_OBJC_WEAK = YES;
				CLANG_WARN_BLOCK_CAPTURE_AUTORELEASING = YES;
				CLANG_WARN_BOOL_CONVERSION = YES;
				CLANG_WARN_COMMA = YES;
				CLANG_WARN_CONSTANT_CONVERSION = YES;
				CLANG_WARN_DEPRECATED_OBJC_IMPLEMENTATIONS = YES;
				CLANG_WARN_DIRECT_OBJC_ISA_USAGE = YES_ERROR;
				CLANG_WARN_DOCUMENTATION_COMMENTS = YES;
				CLANG_WARN_EMPTY_BODY = YES;
				CLANG_WARN_ENUM_CONVERSION = YES;
				CLANG_WARN_INFINITE_RECURSION = YES;
				CLANG_WARN_INT_CONVERSION = YES;
				CLANG_WARN_NON_LITERAL_NULL_CONVERSION = YES;
				CLANG_WARN_OBJC_IMPLICIT_RETAIN_SELF = YES;
				CLANG_WARN_OBJC_LITERAL_CONVERSION = YES;
				CLANG_WARN_OBJC_ROOT_CLASS = YES_ERROR;
				CLANG_WARN_QUOTED_INCLUDE_IN_FRAMEWORK_HEADER = YES;
				CLANG_WARN_RANGE_LOOP_ANALYSIS = YES;
				CLANG_WARN_STRICT_PROTOTYPES = YES;
				CLANG_WARN_SUSPICIOUS_MOVE = YES;
				CLANG_WARN_UNGUARDED_AVAILABILITY = YES_AGGRESSIVE;
				CLANG_WARN_UNREACHABLE_CODE = YES;
				CLANG_WARN__DUPLICATE_METHOD_MATCH = YES;
				COPY_PHASE_STRIP = NO;
				DEBUG_INFORMATION_FORMAT = "dwarf-with-dsym";
				ENABLE_NS_ASSERTIONS = NO;
				ENABLE_STRICT_OBJC_MSGSEND = YES;
				GCC_C_LANGUAGE_STANDARD = gnu11;
				GCC_NO_COMMON_BLOCKS = YES;
				GCC_WARN_64_TO_32_BIT_CONVERSION = YES;
				GCC_WARN_ABOUT_RETURN_TYPE = YES_ERROR;
				GCC_WARN_UNDECLARED_SELECTOR = YES;
				GCC_WARN_UNINITIALIZED_AUTOS = YES_AGGRESSIVE;
				GCC_WARN_UNUSED_FUNCTION = YES;
				GCC_WARN_UNUSED_VARIABLE = YES;
				IPHONEOS_DEPLOYMENT_TARGET = 16.2;
				MTL_ENABLE_DEBUG_INFO = NO;
				MTL_FAST_MATH = YES;
				SDKROOT = iphoneos;
				SWIFT_COMPILATION_MODE = wholemodule;
				SWIFT_OPTIMIZATION_LEVEL = "-O";
				VALIDATE_PRODUCT = YES;
			};
			name = Release;
		};
		3DDBDEA52964E7C500CA09FE /* Debug */ = {
			isa = XCBuildConfiguration;
			buildSettings = {
				ASSETCATALOG_COMPILER_APPICON_NAME = AppIcon;
				ASSETCATALOG_COMPILER_GLOBAL_ACCENT_COLOR_NAME = AccentColor;
				CODE_SIGN_STYLE = Automatic;
				CURRENT_PROJECT_VERSION = 1;
				DEVELOPMENT_TEAM = 8FCNH268N4;
				GENERATE_INFOPLIST_FILE = YES;
				INFOPLIST_FILE = THEIA/Info.plist;
				INFOPLIST_KEY_UIApplicationSupportsIndirectInputEvents = YES;
				INFOPLIST_KEY_UILaunchStoryboardName = LaunchScreen;
				INFOPLIST_KEY_UIMainStoryboardFile = Main;
				INFOPLIST_KEY_UISupportedInterfaceOrientations_iPad = "UIInterfaceOrientationPortrait UIInterfaceOrientationPortraitUpsideDown UIInterfaceOrientationLandscapeLeft UIInterfaceOrientationLandscapeRight";
				INFOPLIST_KEY_UISupportedInterfaceOrientations_iPhone = "UIInterfaceOrientationPortrait UIInterfaceOrientationLandscapeLeft UIInterfaceOrientationLandscapeRight";
				LD_RUNPATH_SEARCH_PATHS = (
					"$(inherited)",
					"@executable_path/Frameworks",
				);
				MARKETING_VERSION = 1.0;
				PRODUCT_BUNDLE_IDENTIFIER = edu.monash.THEIA;
				PRODUCT_NAME = "$(TARGET_NAME)";
				SWIFT_EMIT_LOC_STRINGS = YES;
				SWIFT_VERSION = 5.0;
				TARGETED_DEVICE_FAMILY = "1,2";
			};
			name = Debug;
		};
		3DDBDEA62964E7C500CA09FE /* Release */ = {
			isa = XCBuildConfiguration;
			buildSettings = {
				ASSETCATALOG_COMPILER_APPICON_NAME = AppIcon;
				ASSETCATALOG_COMPILER_GLOBAL_ACCENT_COLOR_NAME = AccentColor;
				CODE_SIGN_STYLE = Automatic;
				CURRENT_PROJECT_VERSION = 1;
				DEVELOPMENT_TEAM = 8FCNH268N4;
				GENERATE_INFOPLIST_FILE = YES;
				INFOPLIST_FILE = THEIA/Info.plist;
				INFOPLIST_KEY_UIApplicationSupportsIndirectInputEvents = YES;
				INFOPLIST_KEY_UILaunchStoryboardName = LaunchScreen;
				INFOPLIST_KEY_UIMainStoryboardFile = Main;
				INFOPLIST_KEY_UISupportedInterfaceOrientations_iPad = "UIInterfaceOrientationPortrait UIInterfaceOrientationPortraitUpsideDown UIInterfaceOrientationLandscapeLeft UIInterfaceOrientationLandscapeRight";
				INFOPLIST_KEY_UISupportedInterfaceOrientations_iPhone = "UIInterfaceOrientationPortrait UIInterfaceOrientationLandscapeLeft UIInterfaceOrientationLandscapeRight";
				LD_RUNPATH_SEARCH_PATHS = (
					"$(inherited)",
					"@executable_path/Frameworks",
				);
				MARKETING_VERSION = 1.0;
				PRODUCT_BUNDLE_IDENTIFIER = edu.monash.THEIA;
				PRODUCT_NAME = "$(TARGET_NAME)";
				SWIFT_EMIT_LOC_STRINGS = YES;
				SWIFT_VERSION = 5.0;
				TARGETED_DEVICE_FAMILY = "1,2";
			};
			name = Release;
		};
/* End XCBuildConfiguration section */

/* Begin XCConfigurationList section */
		3DDBDE882964E7C400CA09FE /* Build configuration list for PBXProject "THEIA" */ = {
			isa = XCConfigurationList;
			buildConfigurations = (
				3DDBDEA22964E7C500CA09FE /* Debug */,
				3DDBDEA32964E7C500CA09FE /* Release */,
			);
			defaultConfigurationIsVisible = 0;
			defaultConfigurationName = Release;
		};
		3DDBDEA42964E7C500CA09FE /* Build configuration list for PBXNativeTarget "THEIA" */ = {
			isa = XCConfigurationList;
			buildConfigurations = (
				3DDBDEA52964E7C500CA09FE /* Debug */,
				3DDBDEA62964E7C500CA09FE /* Release */,
			);
			defaultConfigurationIsVisible = 0;
			defaultConfigurationName = Release;
		};
/* End XCConfigurationList section */

/* Begin XCVersionGroup section */
		3DDBDE992964E7C400CA09FE /* THEIA.xcdatamodeld */ = {
			isa = XCVersionGroup;
			children = (
				3DDBDE9A2964E7C400CA09FE /* THEIA.xcdatamodel */,
			);
			currentVersion = 3DDBDE9A2964E7C400CA09FE /* THEIA.xcdatamodel */;
			path = THEIA.xcdatamodeld;
			sourceTree = "<group>";
			versionGroupType = wrapper.xcdatamodel;
		};
/* End XCVersionGroup section */
	};
	rootObject = 3DDBDE852964E7C400CA09FE /* Project object */;
}
